{
  "name": "insta-winner",
  "version": "1.0.0",
  "lockfileVersion": 1,
  "requires": true,
  "dependencies": {
    "@types/node": {
      "version": "10.9.4",
      "resolved": "https://registry.npmjs.org/@types/node/-/node-10.9.4.tgz",
      "integrity": "sha512-fCHV45gS+m3hH17zgkgADUSi2RR1Vht6wOZ0jyHP8rjiQra9f+mIcgwPQHllmDocYOstIEbKlxbFDYlgrTPYqw==",
      "dev": true
    },
    "@types/node-fetch": {
      "version": "2.1.2",
      "resolved": "https://registry.npmjs.org/@types/node-fetch/-/node-fetch-2.1.2.tgz",
      "integrity": "sha512-XroxUzLpKuL+CVkQqXlffRkEPi4Gh3Oui/mWyS7ztKiyqVxiU+h3imCW5I2NQmde5jK+3q++36/Q96cyRWsweg==",
      "dev": true,
      "requires": {
        "@types/node": "*"
      }
    },
    "hash": {
      "version": "0.2.1",
      "resolved": "https://registry.npmjs.org/hash/-/hash-0.2.1.tgz",
      "integrity": "sha1-pxnXiTl8VjfwIEPAwYD0Mf35puw="
    },
    "hash.js": {
      "version": "1.1.7",
      "resolved": "https://registry.npmjs.org/hash.js/-/hash.js-1.1.7.tgz",
      "integrity": "sha512-taOaskGt4z4SOANNseOviYDvjEJinIkRgmp7LbKP2YTTmVxWBl87s/uzK9r+44BclBSp2X7K1hqeNfz9JbBeXA==",
      "requires": {
        "inherits": "^2.0.3",
        "minimalistic-assert": "^1.0.1"
      }
    },
    "hashjs": {
      "version": "1.2.0",
      "resolved": "https://registry.npmjs.org/hashjs/-/hashjs-1.2.0.tgz",
      "integrity": "sha1-pA4tad5Xgmd0ZDApx7G7TyOQuqo="
    },
    "inherits": {
      "version": "2.0.4",
      "resolved": "https://registry.npmjs.org/inherits/-/inherits-2.0.4.tgz",
      "integrity": "sha512-k/vGaX4/Yla3WzyMCvTQOXYeIHvqOKtnqBduzTHpzpQZzAskKMhZ2K+EnBiSM9zGSoIFeMpXKxa4dYeZIQqewQ=="
    },
    "minimalistic-assert": {
      "version": "1.0.1",
      "resolved": "https://registry.npmjs.org/minimalistic-assert/-/minimalistic-assert-1.0.1.tgz",
      "integrity": "sha512-UtJcAD4yEaGtjPezWuO9wC4nwUnVH/8/Im3yEHQP4b67cXlD/Qr9hdITCU1xDbSEXg2XKNaP8jsReV7vQd00/A=="
    },
    "node-fetch": {
      "version": "2.2.0",
      "resolved": "https://registry.npmjs.org/node-fetch/-/node-fetch-2.2.0.tgz",
      "integrity": "sha512-OayFWziIxiHY8bCUyLX6sTpDH8Jsbp4FfYd1j1f7vZyfgkcOnAyM4oQR16f8a0s7Gl/viMGRey8eScYk4V4EZA=="
    },
    "typescript": {
      "version": "3.0.3",
      "resolved": "https://registry.npmjs.org/typescript/-/typescript-3.0.3.tgz",
      "integrity": "sha512-kk80vLW9iGtjMnIv11qyxLqZm20UklzuR2tL0QAnDIygIUIemcZMxlMWudl9OOt76H3ntVzcTiddQ1/pAAJMYg==",
      "dev": true
    }
  }
}
